
Microsoft Visual Studio Solution File, Format Version 12.00
# Visual Studio Version 17
VisualStudioVersion = 17.0.31903.59
MinimumVisualStudioVersion = 10.0.40219.1
Project("{FAE04EC0-301F-11D3-BF4B-00C04F79EFBC}") = "Business", "Business\Business.csproj", "{40E90E45-5E0E-4FDE-A169-89E99A178AC9}"
EndProject
Project("{FAE04EC0-301F-11D3-BF4B-00C04F79EFBC}") = "Service", "Service\Service.csproj", "{7671E873-8A39-46DA-A7B2-891F4AB7E0DE}"
EndProject
Project("{FAE04EC0-301F-11D3-BF4B-00C04F79EFBC}") = "Entity", "Entity\Entity.csproj", "{94FA51B0-BDC5-48E5-82DB-C95B8C6735A1}"
EndProject
Project("{FAE04EC0-301F-11D3-BF4B-00C04F79EFBC}") = "codingChallange", "codingChallange\codingChallange.csproj", "{B25E0600-4855-429C-B121-13FE07AD7703}"
EndProject
Project("{FAE04EC0-301F-11D3-BF4B-00C04F79EFBC}") = "Exceptions", "Exceptions\Exceptions.csproj", "{0FD97CBE-5CFC-4B66-8A00-34138C6CBBEA}"
EndProject
Project("{FAE04EC0-301F-11D3-BF4B-00C04F79EFBC}") = "DbConnection", "DbConnection\DbConnection.csproj", "{3FA9B2F6-AB56-4FB0-B6A7-0FFAFFD1C6A8}"
EndProject
Global
	GlobalSection(SolutionConfigurationPlatforms) = preSolution
		Debug|Any CPU = Debug|Any CPU
		Release|Any CPU = Release|Any CPU
	EndGlobalSection
	GlobalSection(SolutionProperties) = preSolution
		HideSolutionNode = FALSE
	EndGlobalSection
	GlobalSection(ProjectConfigurationPlatforms) = postSolution
		{40E90E45-5E0E-4FDE-A169-89E99A178AC9}.Debug|Any CPU.ActiveCfg = Debug|Any CPU
		{40E90E45-5E0E-4FDE-A169-89E99A178AC9}.Debug|Any CPU.Build.0 = Debug|Any CPU
		{40E90E45-5E0E-4FDE-A169-89E99A178AC9}.Release|Any CPU.ActiveCfg = Release|Any CPU
		{40E90E45-5E0E-4FDE-A169-89E99A178AC9}.Release|Any CPU.Build.0 = Release|Any CPU
		{7671E873-8A39-46DA-A7B2-891F4AB7E0DE}.Debug|Any CPU.ActiveCfg = Debug|Any CPU
		{7671E873-8A39-46DA-A7B2-891F4AB7E0DE}.Debug|Any CPU.Build.0 = Debug|Any CPU
		{7671E873-8A39-46DA-A7B2-891F4AB7E0DE}.Release|Any CPU.ActiveCfg = Release|Any CPU
		{7671E873-8A39-46DA-A7B2-891F4AB7E0DE}.Release|Any CPU.Build.0 = Release|Any CPU
		{94FA51B0-BDC5-48E5-82DB-C95B8C6735A1}.Debug|Any CPU.ActiveCfg = Debug|Any CPU
		{94FA51B0-BDC5-48E5-82DB-C95B8C6735A1}.Debug|Any CPU.Build.0 = Debug|Any CPU
		{94FA51B0-BDC5-48E5-82DB-C95B8C6735A1}.Release|Any CPU.ActiveCfg = Release|Any CPU
		{94FA51B0-BDC5-48E5-82DB-C95B8C6735A1}.Release|Any CPU.Build.0 = Release|Any CPU
		{B25E0600-4855-429C-B121-13FE07AD7703}.Debug|Any CPU.ActiveCfg = Debug|Any CPU
		{B25E0600-4855-429C-B121-13FE07AD7703}.Debug|Any CPU.Build.0 = Debug|Any CPU
		{B25E0600-4855-429C-B121-13FE07AD7703}.Release|Any CPU.ActiveCfg = Release|Any CPU
		{B25E0600-4855-429C-B121-13FE07AD7703}.Release|Any CPU.Build.0 = Release|Any CPU
		{0FD97CBE-5CFC-4B66-8A00-34138C6CBBEA}.Debug|Any CPU.ActiveCfg = Debug|Any CPU
		{0FD97CBE-5CFC-4B66-8A00-34138C6CBBEA}.Debug|Any CPU.Build.0 = Debug|Any CPU
		{0FD97CBE-5CFC-4B66-8A00-34138C6CBBEA}.Release|Any CPU.ActiveCfg = Release|Any CPU
		{0FD97CBE-5CFC-4B66-8A00-34138C6CBBEA}.Release|Any CPU.Build.0 = Release|Any CPU
		{3FA9B2F6-AB56-4FB0-B6A7-0FFAFFD1C6A8}.Debug|Any CPU.ActiveCfg = Debug|Any CPU
		{3FA9B2F6-AB56-4FB0-B6A7-0FFAFFD1C6A8}.Debug|Any CPU.Build.0 = Debug|Any CPU
		{3FA9B2F6-AB56-4FB0-B6A7-0FFAFFD1C6A8}.Release|Any CPU.ActiveCfg = Release|Any CPU
		{3FA9B2F6-AB56-4FB0-B6A7-0FFAFFD1C6A8}.Release|Any CPU.Build.0 = Release|Any CPU
	EndGlobalSection
EndGlobal
